
Microsoft Visual Studio Solution File, Format Version 12.00
# Visual Studio 15
VisualStudioVersion = 15.0.28010.2016
MinimumVisualStudioVersion = 10.0.40219.1
Project("{FAE04EC0-301F-11D3-BF4B-00C04F79EFBC}") = "Hangman.Web", "Hangman.Web\Hangman.Web.csproj", "{CF87D27B-3B40-448D-AF4A-B8F2C6399C8B}"
EndProject
Project("{FAE04EC0-301F-11D3-BF4B-00C04F79EFBC}") = "Hangman.Domain", "Hangman.Domain\Hangman.Domain.csproj", "{82DC2E70-B76E-4EE4-9787-BA83C8B4939D}"
EndProject
Project("{FAE04EC0-301F-11D3-BF4B-00C04F79EFBC}") = "Hangman.Repo", "Hangman.Repo\Hangman.Repo.csproj", "{8D826D91-889C-496A-8D8F-B4D9EC3E7431}"
EndProject
Project("{FAE04EC0-301F-11D3-BF4B-00C04F79EFBC}") = "Hangman.Service", "Hangman.Service\Hangman.Service.csproj", "{0D69021A-6C43-4A22-A144-82F6B62ECD84}"
EndProject
Global
	GlobalSection(SolutionConfigurationPlatforms) = preSolution
		Debug|Any CPU = Debug|Any CPU
		Release|Any CPU = Release|Any CPU
	EndGlobalSection
	GlobalSection(ProjectConfigurationPlatforms) = postSolution
		{CF87D27B-3B40-448D-AF4A-B8F2C6399C8B}.Debug|Any CPU.ActiveCfg = Debug|Any CPU
		{CF87D27B-3B40-448D-AF4A-B8F2C6399C8B}.Debug|Any CPU.Build.0 = Debug|Any CPU
		{CF87D27B-3B40-448D-AF4A-B8F2C6399C8B}.Release|Any CPU.ActiveCfg = Release|Any CPU
		{CF87D27B-3B40-448D-AF4A-B8F2C6399C8B}.Release|Any CPU.Build.0 = Release|Any CPU
		{82DC2E70-B76E-4EE4-9787-BA83C8B4939D}.Debug|Any CPU.ActiveCfg = Debug|Any CPU
		{82DC2E70-B76E-4EE4-9787-BA83C8B4939D}.Debug|Any CPU.Build.0 = Debug|Any CPU
		{82DC2E70-B76E-4EE4-9787-BA83C8B4939D}.Release|Any CPU.ActiveCfg = Release|Any CPU
		{82DC2E70-B76E-4EE4-9787-BA83C8B4939D}.Release|Any CPU.Build.0 = Release|Any CPU
		{8D826D91-889C-496A-8D8F-B4D9EC3E7431}.Debug|Any CPU.ActiveCfg = Debug|Any CPU
		{8D826D91-889C-496A-8D8F-B4D9EC3E7431}.Debug|Any CPU.Build.0 = Debug|Any CPU
		{8D826D91-889C-496A-8D8F-B4D9EC3E7431}.Release|Any CPU.ActiveCfg = Release|Any CPU
		{8D826D91-889C-496A-8D8F-B4D9EC3E7431}.Release|Any CPU.Build.0 = Release|Any CPU
		{0D69021A-6C43-4A22-A144-82F6B62ECD84}.Debug|Any CPU.ActiveCfg = Debug|Any CPU
		{0D69021A-6C43-4A22-A144-82F6B62ECD84}.Debug|Any CPU.Build.0 = Debug|Any CPU
		{0D69021A-6C43-4A22-A144-82F6B62ECD84}.Release|Any CPU.ActiveCfg = Release|Any CPU
		{0D69021A-6C43-4A22-A144-82F6B62ECD84}.Release|Any CPU.Build.0 = Release|Any CPU
	EndGlobalSection
	GlobalSection(SolutionProperties) = preSolution
		HideSolutionNode = FALSE
	EndGlobalSection
	GlobalSection(ExtensibilityGlobals) = postSolution
		SolutionGuid = {F43776E9-23FD-4F33-A76F-6CB1BDA9B016}
	EndGlobalSection
EndGlobal
